
Microsoft Visual Studio Solution File, Format Version 12.00
# Visual Studio Version 16
VisualStudioVersion = 16.0.31702.278
MinimumVisualStudioVersion = 10.0.40219.1
Project("{FAE04EC0-301F-11D3-BF4B-00C04F79EFBC}") = "Beverage Manager", "Beverage Manager\Beverage Manager.csproj", "{030331C4-7CB9-4FB6-84EB-89EA810E88FC}"
EndProject
Global
	GlobalSection(SolutionConfigurationPlatforms) = preSolution
		Debug|Any CPU = Debug|Any CPU
		Release|Any CPU = Release|Any CPU
	EndGlobalSection
	GlobalSection(ProjectConfigurationPlatforms) = postSolution
		{030331C4-7CB9-4FB6-84EB-89EA810E88FC}.Debug|Any CPU.ActiveCfg = Debug|Any CPU
		{030331C4-7CB9-4FB6-84EB-89EA810E88FC}.Debug|Any CPU.Build.0 = Debug|Any CPU
		{030331C4-7CB9-4FB6-84EB-89EA810E88FC}.Release|Any CPU.ActiveCfg = Release|Any CPU
		{030331C4-7CB9-4FB6-84EB-89EA810E88FC}.Release|Any CPU.Build.0 = Release|Any CPU
	EndGlobalSection
	GlobalSection(SolutionProperties) = preSolution
		HideSolutionNode = FALSE
	EndGlobalSection
	GlobalSection(ExtensibilityGlobals) = postSolution
		SolutionGuid = {178BCB18-8E51-4520-8692-2BEE5349E043}
	EndGlobalSection
EndGlobal
